
Microsoft Visual Studio Solution File, Format Version 12.00
# Visual Studio 15
Project("{FAE04EC0-301F-11D3-BF4B-00C04F79EFBC}") = "UnityEngine.TestRunner", "UnityEngine.TestRunner.csproj", "{9AAFEBD0-E082-13FF-6FC3-36DB5B0D0FD0}"
EndProject
Project("{FAE04EC0-301F-11D3-BF4B-00C04F79EFBC}") = "Unity.Mathematics", "Unity.Mathematics.csproj", "{009FBB57-22FB-E78E-F208-3E43DF7450B5}"
EndProject
Project("{FAE04EC0-301F-11D3-BF4B-00C04F79EFBC}") = "Unity.2D.Animation.Triangle.Runtime", "Unity.2D.Animation.Triangle.Runtime.csproj", "{687E3F98-EDF5-3016-71EA-C92558E2E595}"
EndProject
Project("{FAE04EC0-301F-11D3-BF4B-00C04F79EFBC}") = "Unity.Timeline", "Unity.Timeline.csproj", "{226B19A5-5364-6A17-12E7-C99BBAB6B704}"
EndProject
Project("{FAE04EC0-301F-11D3-BF4B-00C04F79EFBC}") = "UnityEngine.UI", "UnityEngine.UI.csproj", "{A5F43F5F-CD12-091B-2DD3-5F5F1022D977}"
EndProject
Project("{FAE04EC0-301F-11D3-BF4B-00C04F79EFBC}") = "Unity.TextMeshPro", "Unity.TextMeshPro.csproj", "{ED6E7292-C751-91E4-1B6D-D9E879175DB4}"
EndProject
Project("{FAE04EC0-301F-11D3-BF4B-00C04F79EFBC}") = "Unity.2D.Animation.Runtime", "Unity.2D.Animation.Runtime.csproj", "{0B16CDD5-26A6-5C61-3C3E-B9F9CC78158C}"
EndProject
Project("{FAE04EC0-301F-11D3-BF4B-00C04F79EFBC}") = "Unity.2D.IK.Runtime", "Unity.2D.IK.Runtime.csproj", "{6C4640D5-BAC8-43FC-FE33-61F636AA743B}"
EndProject
Project("{FAE04EC0-301F-11D3-BF4B-00C04F79EFBC}") = "Unity.2D.SpriteShape.Runtime", "Unity.2D.SpriteShape.Runtime.csproj", "{22EAC26C-2B33-E497-6998-FA68FB4E8322}"
EndProject
Project("{FAE04EC0-301F-11D3-BF4B-00C04F79EFBC}") = "Unity.2D.PixelPerfect", "Unity.2D.PixelPerfect.csproj", "{3BA319C9-3BC5-373A-14E8-A65F5BD8D88F}"
EndProject
Project("{FAE04EC0-301F-11D3-BF4B-00C04F79EFBC}") = "Unity.2D.Common.Runtime", "Unity.2D.Common.Runtime.csproj", "{FABAD25A-365B-2EC7-79B5-7D9DC5595327}"
EndProject
Project("{FAE04EC0-301F-11D3-BF4B-00C04F79EFBC}") = "Unity.InternalAPIEngineBridge.001", "Unity.InternalAPIEngineBridge.001.csproj", "{CC30DF01-C8CE-89F4-4F2A-F171DF11CFC1}"
EndProject
Project("{FAE04EC0-301F-11D3-BF4B-00C04F79EFBC}") = "Assembly-CSharp", "Assembly-CSharp.csproj", "{3EDF976E-26C1-5288-1D3A-BDFB6F1085C8}"
EndProject
Project("{FAE04EC0-301F-11D3-BF4B-00C04F79EFBC}") = "UnityEditor.TestRunner", "UnityEditor.TestRunner.csproj", "{D581F22D-F412-C532-A6D0-A164ADDA3DD1}"
EndProject
Project("{FAE04EC0-301F-11D3-BF4B-00C04F79EFBC}") = "UnityEditor.UI", "UnityEditor.UI.csproj", "{195A2E52-7ECC-3BEC-5CBD-835DCC243DD4}"
EndProject
Project("{FAE04EC0-301F-11D3-BF4B-00C04F79EFBC}") = "Unity.Timeline.Editor", "Unity.Timeline.Editor.csproj", "{9A306088-3435-2946-8A20-D9FE9A2BAE0E}"
EndProject
Project("{FAE04EC0-301F-11D3-BF4B-00C04F79EFBC}") = "Unity.VisualStudio.Editor", "Unity.VisualStudio.Editor.csproj", "{D2057D65-BEF9-68B2-7145-533FB9AC0AE9}"
EndProject
Project("{FAE04EC0-301F-11D3-BF4B-00C04F79EFBC}") = "Unity.2D.Psdimporter.Editor", "Unity.2D.Psdimporter.Editor.csproj", "{2D64860C-A76F-5B2F-14CA-63DFB038ED60}"
EndProject
Project("{FAE04EC0-301F-11D3-BF4B-00C04F79EFBC}") = "Unity.2D.Animation.Editor", "Unity.2D.Animation.Editor.csproj", "{938ADD59-D528-364E-61B9-170D2D12AAFB}"
EndProject
Project("{FAE04EC0-301F-11D3-BF4B-00C04F79EFBC}") = "Unity.TextMeshPro.Editor", "Unity.TextMeshPro.Editor.csproj", "{88F902F6-9A89-83E1-5BE9-AD5CA02C017C}"
EndProject
Project("{FAE04EC0-301F-11D3-BF4B-00C04F79EFBC}") = "Unity.2D.SpriteShape.Editor", "Unity.2D.SpriteShape.Editor.csproj", "{4FF845C8-100E-32E3-F2B2-20ABFEB969F0}"
EndProject
Project("{FAE04EC0-301F-11D3-BF4B-00C04F79EFBC}") = "Unity.CollabProxy.Editor", "Unity.CollabProxy.Editor.csproj", "{959BAA84-F8CF-102F-BDF5-0BCB10DFCE3C}"
EndProject
Project("{FAE04EC0-301F-11D3-BF4B-00C04F79EFBC}") = "PsdPlugin", "PsdPlugin.csproj", "{6181D669-4A12-E149-C549-8A01E4B1F4EE}"
EndProject
Project("{FAE04EC0-301F-11D3-BF4B-00C04F79EFBC}") = "Unity.2D.Path.Editor", "Unity.2D.Path.Editor.csproj", "{7673BBAF-78B1-6154-DD57-CC610C801DA8}"
EndProject
Project("{FAE04EC0-301F-11D3-BF4B-00C04F79EFBC}") = "Unity.Rider.Editor", "Unity.Rider.Editor.csproj", "{F8D29D8F-CDD4-9B53-8F6E-79F725AFABB7}"
EndProject
Project("{FAE04EC0-301F-11D3-BF4B-00C04F79EFBC}") = "Unity.2D.IK.Editor", "Unity.2D.IK.Editor.csproj", "{D2DD24F9-339E-539B-0383-04B60E4FD63D}"
EndProject
Project("{FAE04EC0-301F-11D3-BF4B-00C04F79EFBC}") = "Unity.2D.Sprite.Editor", "Unity.2D.Sprite.Editor.csproj", "{57FB11F2-4FC0-4222-30D1-698EACD9F2F1}"
EndProject
Project("{FAE04EC0-301F-11D3-BF4B-00C04F79EFBC}") = "Unity.2D.Tilemap.Editor", "Unity.2D.Tilemap.Editor.csproj", "{383CD4ED-5395-DFFF-92E9-166661A4F213}"
EndProject
Project("{FAE04EC0-301F-11D3-BF4B-00C04F79EFBC}") = "Unity.2D.PixelPerfect.Editor", "Unity.2D.PixelPerfect.Editor.csproj", "{509721FD-3BA3-CD2C-F230-58B920F94509}"
EndProject
Project("{FAE04EC0-301F-11D3-BF4B-00C04F79EFBC}") = "Unity.VSCode.Editor", "Unity.VSCode.Editor.csproj", "{94CBC4B4-8F01-A380-50D3-9719351DE0B0}"
EndProject
Project("{FAE04EC0-301F-11D3-BF4B-00C04F79EFBC}") = "Unity.2D.Common.Editor", "Unity.2D.Common.Editor.csproj", "{40F2DBA5-9441-D159-702C-22E4CFC4D6C8}"
EndProject
Project("{FAE04EC0-301F-11D3-BF4B-00C04F79EFBC}") = "Unity.Mathematics.Editor", "Unity.Mathematics.Editor.csproj", "{2257F079-B99D-7F64-5241-1CF92E2DA62A}"
EndProject
Project("{FAE04EC0-301F-11D3-BF4B-00C04F79EFBC}") = "Unity.InternalAPIEditorBridge.001", "Unity.InternalAPIEditorBridge.001.csproj", "{A434B5DF-8CBD-631E-426F-4CB1046BBDAE}"
EndProject
Project("{FAE04EC0-301F-11D3-BF4B-00C04F79EFBC}") = "Unity.SysrootPackage.Editor", "Unity.SysrootPackage.Editor.csproj", "{032E950E-9F49-B68C-EF6B-FBE4713524CC}"
EndProject
Project("{FAE04EC0-301F-11D3-BF4B-00C04F79EFBC}") = "Unity.Toolchain.Win-x86_64-Linux-x86_64", "Unity.Toolchain.Win-x86_64-Linux-x86_64.csproj", "{15DB3E76-66E3-14D8-06E9-51018AEDB979}"
EndProject
Project("{FAE04EC0-301F-11D3-BF4B-00C04F79EFBC}") = "Unity.Sysroot.Linux_x86_64", "Unity.Sysroot.Linux_x86_64.csproj", "{96083639-4E13-AD32-EFCF-8436124344B3}"
EndProject
Project("{FAE04EC0-301F-11D3-BF4B-00C04F79EFBC}") = "UnityEngine.TestRunner", "UnityEngine.TestRunner.Player.csproj", "{67956E25-8F57-53B0-F9E6-BE79BF83D969}"
EndProject
Project("{FAE04EC0-301F-11D3-BF4B-00C04F79EFBC}") = "Unity.Mathematics", "Unity.Mathematics.Player.csproj", "{C97F048B-D235-25D6-D2A5-1D2E3AD1A684}"
EndProject
Project("{FAE04EC0-301F-11D3-BF4B-00C04F79EFBC}") = "Unity.2D.Animation.Triangle.Runtime", "Unity.2D.Animation.Triangle.Runtime.Player.csproj", "{B6554399-B03C-5F15-C2C7-57E23A599A67}"
EndProject
Project("{FAE04EC0-301F-11D3-BF4B-00C04F79EFBC}") = "Unity.Timeline", "Unity.Timeline.Player.csproj", "{FDFB7099-9318-BD1D-0B64-20F4B31D497F}"
EndProject
Project("{FAE04EC0-301F-11D3-BF4B-00C04F79EFBC}") = "UnityEngine.UI", "UnityEngine.UI.Player.csproj", "{39206057-A89E-064F-205E-B8B834088621}"
EndProject
Project("{FAE04EC0-301F-11D3-BF4B-00C04F79EFBC}") = "Unity.TextMeshPro", "Unity.TextMeshPro.Player.csproj", "{09B08BF2-107C-8FA8-F305-756DFF87EE1D}"
EndProject
Project("{FAE04EC0-301F-11D3-BF4B-00C04F79EFBC}") = "Unity.2D.Animation.Runtime", "Unity.2D.Animation.Runtime.Player.csproj", "{88106256-405D-E204-7BA9-9DEECE4BD041}"
EndProject
Project("{FAE04EC0-301F-11D3-BF4B-00C04F79EFBC}") = "Unity.2D.IK.Runtime", "Unity.2D.IK.Runtime.Player.csproj", "{10D18FD5-4D95-AD11-E4AC-DF2199252216}"
EndProject
Project("{FAE04EC0-301F-11D3-BF4B-00C04F79EFBC}") = "Unity.2D.SpriteShape.Runtime", "Unity.2D.SpriteShape.Runtime.Player.csproj", "{F952805B-2486-4A08-3F15-BB64A8E5395D}"
EndProject
Project("{FAE04EC0-301F-11D3-BF4B-00C04F79EFBC}") = "Unity.2D.PixelPerfect", "Unity.2D.PixelPerfect.Player.csproj", "{A5EECA46-CC6F-0521-C999-830C86DD5DE4}"
EndProject
Project("{FAE04EC0-301F-11D3-BF4B-00C04F79EFBC}") = "Unity.2D.Common.Runtime", "Unity.2D.Common.Runtime.Player.csproj", "{0069A2F7-69E7-5B4B-87D6-C7D8D362DB42}"
EndProject
Project("{FAE04EC0-301F-11D3-BF4B-00C04F79EFBC}") = "Unity.InternalAPIEngineBridge.001", "Unity.InternalAPIEngineBridge.001.Player.csproj", "{F2BAAF51-474B-EDF4-5D89-91C7A099998D}"
EndProject
Project("{FAE04EC0-301F-11D3-BF4B-00C04F79EFBC}") = "Assembly-CSharp", "Assembly-CSharp.Player.csproj", "{4EF5FF94-9C7E-67C3-AEB1-CD4EABDD7E53}"
EndProject
Global
	GlobalSection(SolutionConfigurationPlatforms) = preSolution
		Debug|Any CPU = Debug|Any CPU
		Release|Any CPU = Release|Any CPU
	EndGlobalSection
	GlobalSection(ProjectConfigurationPlatforms) = postSolution
		{9AAFEBD0-E082-13FF-6FC3-36DB5B0D0FD0}.Debug|Any CPU.ActiveCfg = Debug|Any CPU
		{9AAFEBD0-E082-13FF-6FC3-36DB5B0D0FD0}.Debug|Any CPU.Build.0 = Debug|Any CPU
		{9AAFEBD0-E082-13FF-6FC3-36DB5B0D0FD0}.Release|Any CPU.ActiveCfg = Release|Any CPU
		{9AAFEBD0-E082-13FF-6FC3-36DB5B0D0FD0}.Release|Any CPU.Build.0 = Release|Any CPU
		{009FBB57-22FB-E78E-F208-3E43DF7450B5}.Debug|Any CPU.ActiveCfg = Debug|Any CPU
		{009FBB57-22FB-E78E-F208-3E43DF7450B5}.Debug|Any CPU.Build.0 = Debug|Any CPU
		{009FBB57-22FB-E78E-F208-3E43DF7450B5}.Release|Any CPU.ActiveCfg = Release|Any CPU
		{009FBB57-22FB-E78E-F208-3E43DF7450B5}.Release|Any CPU.Build.0 = Release|Any CPU
		{687E3F98-EDF5-3016-71EA-C92558E2E595}.Debug|Any CPU.ActiveCfg = Debug|Any CPU
		{687E3F98-EDF5-3016-71EA-C92558E2E595}.Debug|Any CPU.Build.0 = Debug|Any CPU
		{687E3F98-EDF5-3016-71EA-C92558E2E595}.Release|Any CPU.ActiveCfg = Release|Any CPU
		{687E3F98-EDF5-3016-71EA-C92558E2E595}.Release|Any CPU.Build.0 = Release|Any CPU
		{226B19A5-5364-6A17-12E7-C99BBAB6B704}.Debug|Any CPU.ActiveCfg = Debug|Any CPU
		{226B19A5-5364-6A17-12E7-C99BBAB6B704}.Debug|Any CPU.Build.0 = Debug|Any CPU
		{226B19A5-5364-6A17-12E7-C99BBAB6B704}.Release|Any CPU.ActiveCfg = Release|Any CPU
		{226B19A5-5364-6A17-12E7-C99BBAB6B704}.Release|Any CPU.Build.0 = Release|Any CPU
		{A5F43F5F-CD12-091B-2DD3-5F5F1022D977}.Debug|Any CPU.ActiveCfg = Debug|Any CPU
		{A5F43F5F-CD12-091B-2DD3-5F5F1022D977}.Debug|Any CPU.Build.0 = Debug|Any CPU
		{A5F43F5F-CD12-091B-2DD3-5F5F1022D977}.Release|Any CPU.ActiveCfg = Release|Any CPU
		{A5F43F5F-CD12-091B-2DD3-5F5F1022D977}.Release|Any CPU.Build.0 = Release|Any CPU
		{ED6E7292-C751-91E4-1B6D-D9E879175DB4}.Debug|Any CPU.ActiveCfg = Debug|Any CPU
		{ED6E7292-C751-91E4-1B6D-D9E879175DB4}.Debug|Any CPU.Build.0 = Debug|Any CPU
		{ED6E7292-C751-91E4-1B6D-D9E879175DB4}.Release|Any CPU.ActiveCfg = Release|Any CPU
		{ED6E7292-C751-91E4-1B6D-D9E879175DB4}.Release|Any CPU.Build.0 = Release|Any CPU
		{0B16CDD5-26A6-5C61-3C3E-B9F9CC78158C}.Debug|Any CPU.ActiveCfg = Debug|Any CPU
		{0B16CDD5-26A6-5C61-3C3E-B9F9CC78158C}.Debug|Any CPU.Build.0 = Debug|Any CPU
		{0B16CDD5-26A6-5C61-3C3E-B9F9CC78158C}.Release|Any CPU.ActiveCfg = Release|Any CPU
		{0B16CDD5-26A6-5C61-3C3E-B9F9CC78158C}.Release|Any CPU.Build.0 = Release|Any CPU
		{6C4640D5-BAC8-43FC-FE33-61F636AA743B}.Debug|Any CPU.ActiveCfg = Debug|Any CPU
		{6C4640D5-BAC8-43FC-FE33-61F636AA743B}.Debug|Any CPU.Build.0 = Debug|Any CPU
		{6C4640D5-BAC8-43FC-FE33-61F636AA743B}.Release|Any CPU.ActiveCfg = Release|Any CPU
		{6C4640D5-BAC8-43FC-FE33-61F636AA743B}.Release|Any CPU.Build.0 = Release|Any CPU
		{22EAC26C-2B33-E497-6998-FA68FB4E8322}.Debug|Any CPU.ActiveCfg = Debug|Any CPU
		{22EAC26C-2B33-E497-6998-FA68FB4E8322}.Debug|Any CPU.Build.0 = Debug|Any CPU
		{22EAC26C-2B33-E497-6998-FA68FB4E8322}.Release|Any CPU.ActiveCfg = Release|Any CPU
		{22EAC26C-2B33-E497-6998-FA68FB4E8322}.Release|Any CPU.Build.0 = Release|Any CPU
		{3BA319C9-3BC5-373A-14E8-A65F5BD8D88F}.Debug|Any CPU.ActiveCfg = Debug|Any CPU
		{3BA319C9-3BC5-373A-14E8-A65F5BD8D88F}.Debug|Any CPU.Build.0 = Debug|Any CPU
		{3BA319C9-3BC5-373A-14E8-A65F5BD8D88F}.Release|Any CPU.ActiveCfg = Release|Any CPU
		{3BA319C9-3BC5-373A-14E8-A65F5BD8D88F}.Release|Any CPU.Build.0 = Release|Any CPU
		{FABAD25A-365B-2EC7-79B5-7D9DC5595327}.Debug|Any CPU.ActiveCfg = Debug|Any CPU
		{FABAD25A-365B-2EC7-79B5-7D9DC5595327}.Debug|Any CPU.Build.0 = Debug|Any CPU
		{FABAD25A-365B-2EC7-79B5-7D9DC5595327}.Release|Any CPU.ActiveCfg = Release|Any CPU
		{FABAD25A-365B-2EC7-79B5-7D9DC5595327}.Release|Any CPU.Build.0 = Release|Any CPU
		{CC30DF01-C8CE-89F4-4F2A-F171DF11CFC1}.Debug|Any CPU.ActiveCfg = Debug|Any CPU
		{CC30DF01-C8CE-89F4-4F2A-F171DF11CFC1}.Debug|Any CPU.Build.0 = Debug|Any CPU
		{CC30DF01-C8CE-89F4-4F2A-F171DF11CFC1}.Release|Any CPU.ActiveCfg = Release|Any CPU
		{CC30DF01-C8CE-89F4-4F2A-F171DF11CFC1}.Release|Any CPU.Build.0 = Release|Any CPU
		{3EDF976E-26C1-5288-1D3A-BDFB6F1085C8}.Debug|Any CPU.ActiveCfg = Debug|Any CPU
		{3EDF976E-26C1-5288-1D3A-BDFB6F1085C8}.Debug|Any CPU.Build.0 = Debug|Any CPU
		{3EDF976E-26C1-5288-1D3A-BDFB6F1085C8}.Release|Any CPU.ActiveCfg = Release|Any CPU
		{3EDF976E-26C1-5288-1D3A-BDFB6F1085C8}.Release|Any CPU.Build.0 = Release|Any CPU
		{D581F22D-F412-C532-A6D0-A164ADDA3DD1}.Debug|Any CPU.ActiveCfg = Debug|Any CPU
		{D581F22D-F412-C532-A6D0-A164ADDA3DD1}.Debug|Any CPU.Build.0 = Debug|Any CPU
		{D581F22D-F412-C532-A6D0-A164ADDA3DD1}.Release|Any CPU.ActiveCfg = Release|Any CPU
		{D581F22D-F412-C532-A6D0-A164ADDA3DD1}.Release|Any CPU.Build.0 = Release|Any CPU
		{195A2E52-7ECC-3BEC-5CBD-835DCC243DD4}.Debug|Any CPU.ActiveCfg = Debug|Any CPU
		{195A2E52-7ECC-3BEC-5CBD-835DCC243DD4}.Debug|Any CPU.Build.0 = Debug|Any CPU
		{195A2E52-7ECC-3BEC-5CBD-835DCC243DD4}.Release|Any CPU.ActiveCfg = Release|Any CPU
		{195A2E52-7ECC-3BEC-5CBD-835DCC243DD4}.Release|Any CPU.Build.0 = Release|Any CPU
		{9A306088-3435-2946-8A20-D9FE9A2BAE0E}.Debug|Any CPU.ActiveCfg = Debug|Any CPU
		{9A306088-3435-2946-8A20-D9FE9A2BAE0E}.Debug|Any CPU.Build.0 = Debug|Any CPU
		{9A306088-3435-2946-8A20-D9FE9A2BAE0E}.Release|Any CPU.ActiveCfg = Release|Any CPU
		{9A306088-3435-2946-8A20-D9FE9A2BAE0E}.Release|Any CPU.Build.0 = Release|Any CPU
		{D2057D65-BEF9-68B2-7145-533FB9AC0AE9}.Debug|Any CPU.ActiveCfg = Debug|Any CPU
		{D2057D65-BEF9-68B2-7145-533FB9AC0AE9}.Debug|Any CPU.Build.0 = Debug|Any CPU
		{D2057D65-BEF9-68B2-7145-533FB9AC0AE9}.Release|Any CPU.ActiveCfg = Release|Any CPU
		{D2057D65-BEF9-68B2-7145-533FB9AC0AE9}.Release|Any CPU.Build.0 = Release|Any CPU
		{2D64860C-A76F-5B2F-14CA-63DFB038ED60}.Debug|Any CPU.ActiveCfg = Debug|Any CPU
		{2D64860C-A76F-5B2F-14CA-63DFB038ED60}.Debug|Any CPU.Build.0 = Debug|Any CPU
		{2D64860C-A76F-5B2F-14CA-63DFB038ED60}.Release|Any CPU.ActiveCfg = Release|Any CPU
		{2D64860C-A76F-5B2F-14CA-63DFB038ED60}.Release|Any CPU.Build.0 = Release|Any CPU
		{938ADD59-D528-364E-61B9-170D2D12AAFB}.Debug|Any CPU.ActiveCfg = Debug|Any CPU
		{938ADD59-D528-364E-61B9-170D2D12AAFB}.Debug|Any CPU.Build.0 = Debug|Any CPU
		{938ADD59-D528-364E-61B9-170D2D12AAFB}.Release|Any CPU.ActiveCfg = Release|Any CPU
		{938ADD59-D528-364E-61B9-170D2D12AAFB}.Release|Any CPU.Build.0 = Release|Any CPU
		{88F902F6-9A89-83E1-5BE9-AD5CA02C017C}.Debug|Any CPU.ActiveCfg = Debug|Any CPU
		{88F902F6-9A89-83E1-5BE9-AD5CA02C017C}.Debug|Any CPU.Build.0 = Debug|Any CPU
		{88F902F6-9A89-83E1-5BE9-AD5CA02C017C}.Release|Any CPU.ActiveCfg = Release|Any CPU
		{88F902F6-9A89-83E1-5BE9-AD5CA02C017C}.Release|Any CPU.Build.0 = Release|Any CPU
		{4FF845C8-100E-32E3-F2B2-20ABFEB969F0}.Debug|Any CPU.ActiveCfg = Debug|Any CPU
		{4FF845C8-100E-32E3-F2B2-20ABFEB969F0}.Debug|Any CPU.Build.0 = Debug|Any CPU
		{4FF845C8-100E-32E3-F2B2-20ABFEB969F0}.Release|Any CPU.ActiveCfg = Release|Any CPU
		{4FF845C8-100E-32E3-F2B2-20ABFEB969F0}.Release|Any CPU.Build.0 = Release|Any CPU
		{959BAA84-F8CF-102F-BDF5-0BCB10DFCE3C}.Debug|Any CPU.ActiveCfg = Debug|Any CPU
		{959BAA84-F8CF-102F-BDF5-0BCB10DFCE3C}.Debug|Any CPU.Build.0 = Debug|Any CPU
		{959BAA84-F8CF-102F-BDF5-0BCB10DFCE3C}.Release|Any CPU.ActiveCfg = Release|Any CPU
		{959BAA84-F8CF-102F-BDF5-0BCB10DFCE3C}.Release|Any CPU.Build.0 = Release|Any CPU
		{6181D669-4A12-E149-C549-8A01E4B1F4EE}.Debug|Any CPU.ActiveCfg = Debug|Any CPU
		{6181D669-4A12-E149-C549-8A01E4B1F4EE}.Debug|Any CPU.Build.0 = Debug|Any CPU
		{6181D669-4A12-E149-C549-8A01E4B1F4EE}.Release|Any CPU.ActiveCfg = Release|Any CPU
		{6181D669-4A12-E149-C549-8A01E4B1F4EE}.Release|Any CPU.Build.0 = Release|Any CPU
		{7673BBAF-78B1-6154-DD57-CC610C801DA8}.Debug|Any CPU.ActiveCfg = Debug|Any CPU
		{7673BBAF-78B1-6154-DD57-CC610C801DA8}.Debug|Any CPU.Build.0 = Debug|Any CPU
		{7673BBAF-78B1-6154-DD57-CC610C801DA8}.Release|Any CPU.ActiveCfg = Release|Any CPU
		{7673BBAF-78B1-6154-DD57-CC610C801DA8}.Release|Any CPU.Build.0 = Release|Any CPU
		{F8D29D8F-CDD4-9B53-8F6E-79F725AFABB7}.Debug|Any CPU.ActiveCfg = Debug|Any CPU
		{F8D29D8F-CDD4-9B53-8F6E-79F725AFABB7}.Debug|Any CPU.Build.0 = Debug|Any CPU
		{F8D29D8F-CDD4-9B53-8F6E-79F725AFABB7}.Release|Any CPU.ActiveCfg = Release|Any CPU
		{F8D29D8F-CDD4-9B53-8F6E-79F725AFABB7}.Release|Any CPU.Build.0 = Release|Any CPU
		{D2DD24F9-339E-539B-0383-04B60E4FD63D}.Debug|Any CPU.ActiveCfg = Debug|Any CPU
		{D2DD24F9-339E-539B-0383-04B60E4FD63D}.Debug|Any CPU.Build.0 = Debug|Any CPU
		{D2DD24F9-339E-539B-0383-04B60E4FD63D}.Release|Any CPU.ActiveCfg = Release|Any CPU
		{D2DD24F9-339E-539B-0383-04B60E4FD63D}.Release|Any CPU.Build.0 = Release|Any CPU
		{57FB11F2-4FC0-4222-30D1-698EACD9F2F1}.Debug|Any CPU.ActiveCfg = Debug|Any CPU
		{57FB11F2-4FC0-4222-30D1-698EACD9F2F1}.Debug|Any CPU.Build.0 = Debug|Any CPU
		{57FB11F2-4FC0-4222-30D1-698EACD9F2F1}.Release|Any CPU.ActiveCfg = Release|Any CPU
		{57FB11F2-4FC0-4222-30D1-698EACD9F2F1}.Release|Any CPU.Build.0 = Release|Any CPU
		{383CD4ED-5395-DFFF-92E9-166661A4F213}.Debug|Any CPU.ActiveCfg = Debug|Any CPU
		{383CD4ED-5395-DFFF-92E9-166661A4F213}.Debug|Any CPU.Build.0 = Debug|Any CPU
		{383CD4ED-5395-DFFF-92E9-166661A4F213}.Release|Any CPU.ActiveCfg = Release|Any CPU
		{383CD4ED-5395-DFFF-92E9-166661A4F213}.Release|Any CPU.Build.0 = Release|Any CPU
		{509721FD-3BA3-CD2C-F230-58B920F94509}.Debug|Any CPU.ActiveCfg = Debug|Any CPU
		{509721FD-3BA3-CD2C-F230-58B920F94509}.Debug|Any CPU.Build.0 = Debug|Any CPU
		{509721FD-3BA3-CD2C-F230-58B920F94509}.Release|Any CPU.ActiveCfg = Release|Any CPU
		{509721FD-3BA3-CD2C-F230-58B920F94509}.Release|Any CPU.Build.0 = Release|Any CPU
		{94CBC4B4-8F01-A380-50D3-9719351DE0B0}.Debug|Any CPU.ActiveCfg = Debug|Any CPU
		{94CBC4B4-8F01-A380-50D3-9719351DE0B0}.Debug|Any CPU.Build.0 = Debug|Any CPU
		{94CBC4B4-8F01-A380-50D3-9719351DE0B0}.Release|Any CPU.ActiveCfg = Release|Any CPU
		{94CBC4B4-8F01-A380-50D3-9719351DE0B0}.Release|Any CPU.Build.0 = Release|Any CPU
		{40F2DBA5-9441-D159-702C-22E4CFC4D6C8}.Debug|Any CPU.ActiveCfg = Debug|Any CPU
		{40F2DBA5-9441-D159-702C-22E4CFC4D6C8}.Debug|Any CPU.Build.0 = Debug|Any CPU
		{40F2DBA5-9441-D159-702C-22E4CFC4D6C8}.Release|Any CPU.ActiveCfg = Release|Any CPU
		{40F2DBA5-9441-D159-702C-22E4CFC4D6C8}.Release|Any CPU.Build.0 = Release|Any CPU
		{2257F079-B99D-7F64-5241-1CF92E2DA62A}.Debug|Any CPU.ActiveCfg = Debug|Any CPU
		{2257F079-B99D-7F64-5241-1CF92E2DA62A}.Debug|Any CPU.Build.0 = Debug|Any CPU
		{2257F079-B99D-7F64-5241-1CF92E2DA62A}.Release|Any CPU.ActiveCfg = Release|Any CPU
		{2257F079-B99D-7F64-5241-1CF92E2DA62A}.Release|Any CPU.Build.0 = Release|Any CPU
		{A434B5DF-8CBD-631E-426F-4CB1046BBDAE}.Debug|Any CPU.ActiveCfg = Debug|Any CPU
		{A434B5DF-8CBD-631E-426F-4CB1046BBDAE}.Debug|Any CPU.Build.0 = Debug|Any CPU
		{A434B5DF-8CBD-631E-426F-4CB1046BBDAE}.Release|Any CPU.ActiveCfg = Release|Any CPU
		{A434B5DF-8CBD-631E-426F-4CB1046BBDAE}.Release|Any CPU.Build.0 = Release|Any CPU
		{032E950E-9F49-B68C-EF6B-FBE4713524CC}.Debug|Any CPU.ActiveCfg = Debug|Any CPU
		{032E950E-9F49-B68C-EF6B-FBE4713524CC}.Debug|Any CPU.Build.0 = Debug|Any CPU
		{032E950E-9F49-B68C-EF6B-FBE4713524CC}.Release|Any CPU.ActiveCfg = Release|Any CPU
		{032E950E-9F49-B68C-EF6B-FBE4713524CC}.Release|Any CPU.Build.0 = Release|Any CPU
		{15DB3E76-66E3-14D8-06E9-51018AEDB979}.Debug|Any CPU.ActiveCfg = Debug|Any CPU
		{15DB3E76-66E3-14D8-06E9-51018AEDB979}.Debug|Any CPU.Build.0 = Debug|Any CPU
		{15DB3E76-66E3-14D8-06E9-51018AEDB979}.Release|Any CPU.ActiveCfg = Release|Any CPU
		{15DB3E76-66E3-14D8-06E9-51018AEDB979}.Release|Any CPU.Build.0 = Release|Any CPU
		{96083639-4E13-AD32-EFCF-8436124344B3}.Debug|Any CPU.ActiveCfg = Debug|Any CPU
		{96083639-4E13-AD32-EFCF-8436124344B3}.Debug|Any CPU.Build.0 = Debug|Any CPU
		{96083639-4E13-AD32-EFCF-8436124344B3}.Release|Any CPU.ActiveCfg = Release|Any CPU
		{96083639-4E13-AD32-EFCF-8436124344B3}.Release|Any CPU.Build.0 = Release|Any CPU
		{67956E25-8F57-53B0-F9E6-BE79BF83D969}.Debug|Any CPU.ActiveCfg = Debug|Any CPU
		{67956E25-8F57-53B0-F9E6-BE79BF83D969}.Debug|Any CPU.Build.0 = Debug|Any CPU
		{67956E25-8F57-53B0-F9E6-BE79BF83D969}.Release|Any CPU.ActiveCfg = Release|Any CPU
		{67956E25-8F57-53B0-F9E6-BE79BF83D969}.Release|Any CPU.Build.0 = Release|Any CPU
		{C97F048B-D235-25D6-D2A5-1D2E3AD1A684}.Debug|Any CPU.ActiveCfg = Debug|Any CPU
		{C97F048B-D235-25D6-D2A5-1D2E3AD1A684}.Debug|Any CPU.Build.0 = Debug|Any CPU
		{C97F048B-D235-25D6-D2A5-1D2E3AD1A684}.Release|Any CPU.ActiveCfg = Release|Any CPU
		{C97F048B-D235-25D6-D2A5-1D2E3AD1A684}.Release|Any CPU.Build.0 = Release|Any CPU
		{B6554399-B03C-5F15-C2C7-57E23A599A67}.Debug|Any CPU.ActiveCfg = Debug|Any CPU
		{B6554399-B03C-5F15-C2C7-57E23A599A67}.Debug|Any CPU.Build.0 = Debug|Any CPU
		{B6554399-B03C-5F15-C2C7-57E23A599A67}.Release|Any CPU.ActiveCfg = Release|Any CPU
		{B6554399-B03C-5F15-C2C7-57E23A599A67}.Release|Any CPU.Build.0 = Release|Any CPU
		{FDFB7099-9318-BD1D-0B64-20F4B31D497F}.Debug|Any CPU.ActiveCfg = Debug|Any CPU
		{FDFB7099-9318-BD1D-0B64-20F4B31D497F}.Debug|Any CPU.Build.0 = Debug|Any CPU
		{FDFB7099-9318-BD1D-0B64-20F4B31D497F}.Release|Any CPU.ActiveCfg = Release|Any CPU
		{FDFB7099-9318-BD1D-0B64-20F4B31D497F}.Release|Any CPU.Build.0 = Release|Any CPU
		{39206057-A89E-064F-205E-B8B834088621}.Debug|Any CPU.ActiveCfg = Debug|Any CPU
		{39206057-A89E-064F-205E-B8B834088621}.Debug|Any CPU.Build.0 = Debug|Any CPU
		{39206057-A89E-064F-205E-B8B834088621}.Release|Any CPU.ActiveCfg = Release|Any CPU
		{39206057-A89E-064F-205E-B8B834088621}.Release|Any CPU.Build.0 = Release|Any CPU
		{09B08BF2-107C-8FA8-F305-756DFF87EE1D}.Debug|Any CPU.ActiveCfg = Debug|Any CPU
		{09B08BF2-107C-8FA8-F305-756DFF87EE1D}.Debug|Any CPU.Build.0 = Debug|Any CPU
		{09B08BF2-107C-8FA8-F305-756DFF87EE1D}.Release|Any CPU.ActiveCfg = Release|Any CPU
		{09B08BF2-107C-8FA8-F305-756DFF87EE1D}.Release|Any CPU.Build.0 = Release|Any CPU
		{88106256-405D-E204-7BA9-9DEECE4BD041}.Debug|Any CPU.ActiveCfg = Debug|Any CPU
		{88106256-405D-E204-7BA9-9DEECE4BD041}.Debug|Any CPU.Build.0 = Debug|Any CPU
		{88106256-405D-E204-7BA9-9DEECE4BD041}.Release|Any CPU.ActiveCfg = Release|Any CPU
		{88106256-405D-E204-7BA9-9DEECE4BD041}.Release|Any CPU.Build.0 = Release|Any CPU
		{10D18FD5-4D95-AD11-E4AC-DF2199252216}.Debug|Any CPU.ActiveCfg = Debug|Any CPU
		{10D18FD5-4D95-AD11-E4AC-DF2199252216}.Debug|Any CPU.Build.0 = Debug|Any CPU
		{10D18FD5-4D95-AD11-E4AC-DF2199252216}.Release|Any CPU.ActiveCfg = Release|Any CPU
		{10D18FD5-4D95-AD11-E4AC-DF2199252216}.Release|Any CPU.Build.0 = Release|Any CPU
		{F952805B-2486-4A08-3F15-BB64A8E5395D}.Debug|Any CPU.ActiveCfg = Debug|Any CPU
		{F952805B-2486-4A08-3F15-BB64A8E5395D}.Debug|Any CPU.Build.0 = Debug|Any CPU
		{F952805B-2486-4A08-3F15-BB64A8E5395D}.Release|Any CPU.ActiveCfg = Release|Any CPU
		{F952805B-2486-4A08-3F15-BB64A8E5395D}.Release|Any CPU.Build.0 = Release|Any CPU
		{A5EECA46-CC6F-0521-C999-830C86DD5DE4}.Debug|Any CPU.ActiveCfg = Debug|Any CPU
		{A5EECA46-CC6F-0521-C999-830C86DD5DE4}.Debug|Any CPU.Build.0 = Debug|Any CPU
		{A5EECA46-CC6F-0521-C999-830C86DD5DE4}.Release|Any CPU.ActiveCfg = Release|Any CPU
		{A5EECA46-CC6F-0521-C999-830C86DD5DE4}.Release|Any CPU.Build.0 = Release|Any CPU
		{0069A2F7-69E7-5B4B-87D6-C7D8D362DB42}.Debug|Any CPU.ActiveCfg = Debug|Any CPU
		{0069A2F7-69E7-5B4B-87D6-C7D8D362DB42}.Debug|Any CPU.Build.0 = Debug|Any CPU
		{0069A2F7-69E7-5B4B-87D6-C7D8D362DB42}.Release|Any CPU.ActiveCfg = Release|Any CPU
		{0069A2F7-69E7-5B4B-87D6-C7D8D362DB42}.Release|Any CPU.Build.0 = Release|Any CPU
		{F2BAAF51-474B-EDF4-5D89-91C7A099998D}.Debug|Any CPU.ActiveCfg = Debug|Any CPU
		{F2BAAF51-474B-EDF4-5D89-91C7A099998D}.Debug|Any CPU.Build.0 = Debug|Any CPU
		{F2BAAF51-474B-EDF4-5D89-91C7A099998D}.Release|Any CPU.ActiveCfg = Release|Any CPU
		{F2BAAF51-474B-EDF4-5D89-91C7A099998D}.Release|Any CPU.Build.0 = Release|Any CPU
		{4EF5FF94-9C7E-67C3-AEB1-CD4EABDD7E53}.Debug|Any CPU.ActiveCfg = Debug|Any CPU
		{4EF5FF94-9C7E-67C3-AEB1-CD4EABDD7E53}.Debug|Any CPU.Build.0 = Debug|Any CPU
		{4EF5FF94-9C7E-67C3-AEB1-CD4EABDD7E53}.Release|Any CPU.ActiveCfg = Release|Any CPU
		{4EF5FF94-9C7E-67C3-AEB1-CD4EABDD7E53}.Release|Any CPU.Build.0 = Release|Any CPU
	EndGlobalSection
	GlobalSection(SolutionProperties) = preSolution
		HideSolutionNode = FALSE
	EndGlobalSection
EndGlobal
